
Microsoft Visual Studio Solution File, Format Version 12.00
# Visual Studio Version 17
VisualStudioVersion = 17.4.33205.214
MinimumVisualStudioVersion = 10.0.40219.1
Project("{9A19103F-16F7-4668-BE54-9A1E7A4F7556}") = "UdermyLearnWeb", "UdermyLearn\UdermyLearnWeb.csproj", "{47776595-F608-4241-B88F-3358F9971EB9}"
EndProject
Project("{9A19103F-16F7-4668-BE54-9A1E7A4F7556}") = "UdermyLearn.DataAccess", "UdermyLearn.DataAccess\UdermyLearn.DataAccess.csproj", "{76FC7813-EEF0-4119-A114-F7921EE1E526}"
EndProject
Project("{9A19103F-16F7-4668-BE54-9A1E7A4F7556}") = "UdermyLearn.Models", "UdermyLearn.Models\UdermyLearn.Models.csproj", "{188D2BF5-6C5F-4C15-871E-192EC6438658}"
EndProject
Project("{9A19103F-16F7-4668-BE54-9A1E7A4F7556}") = "UdermyLearn.Utility", "UdermyLearnUtility\UdermyLearn.Utility.csproj", "{64B557A5-16F1-4ACB-A727-3BBBBE6F80B6}"
EndProject
Global
	GlobalSection(SolutionConfigurationPlatforms) = preSolution
		Debug|Any CPU = Debug|Any CPU
		Release|Any CPU = Release|Any CPU
	EndGlobalSection
	GlobalSection(ProjectConfigurationPlatforms) = postSolution
		{47776595-F608-4241-B88F-3358F9971EB9}.Debug|Any CPU.ActiveCfg = Debug|Any CPU
		{47776595-F608-4241-B88F-3358F9971EB9}.Debug|Any CPU.Build.0 = Debug|Any CPU
		{47776595-F608-4241-B88F-3358F9971EB9}.Release|Any CPU.ActiveCfg = Release|Any CPU
		{47776595-F608-4241-B88F-3358F9971EB9}.Release|Any CPU.Build.0 = Release|Any CPU
		{76FC7813-EEF0-4119-A114-F7921EE1E526}.Debug|Any CPU.ActiveCfg = Debug|Any CPU
		{76FC7813-EEF0-4119-A114-F7921EE1E526}.Debug|Any CPU.Build.0 = Debug|Any CPU
		{76FC7813-EEF0-4119-A114-F7921EE1E526}.Release|Any CPU.ActiveCfg = Release|Any CPU
		{76FC7813-EEF0-4119-A114-F7921EE1E526}.Release|Any CPU.Build.0 = Release|Any CPU
		{188D2BF5-6C5F-4C15-871E-192EC6438658}.Debug|Any CPU.ActiveCfg = Debug|Any CPU
		{188D2BF5-6C5F-4C15-871E-192EC6438658}.Debug|Any CPU.Build.0 = Debug|Any CPU
		{188D2BF5-6C5F-4C15-871E-192EC6438658}.Release|Any CPU.ActiveCfg = Release|Any CPU
		{188D2BF5-6C5F-4C15-871E-192EC6438658}.Release|Any CPU.Build.0 = Release|Any CPU
		{64B557A5-16F1-4ACB-A727-3BBBBE6F80B6}.Debug|Any CPU.ActiveCfg = Debug|Any CPU
		{64B557A5-16F1-4ACB-A727-3BBBBE6F80B6}.Debug|Any CPU.Build.0 = Debug|Any CPU
		{64B557A5-16F1-4ACB-A727-3BBBBE6F80B6}.Release|Any CPU.ActiveCfg = Release|Any CPU
		{64B557A5-16F1-4ACB-A727-3BBBBE6F80B6}.Release|Any CPU.Build.0 = Release|Any CPU
	EndGlobalSection
	GlobalSection(SolutionProperties) = preSolution
		HideSolutionNode = FALSE
	EndGlobalSection
	GlobalSection(ExtensibilityGlobals) = postSolution
		SolutionGuid = {6D27625A-D110-43B6-8BF3-3D97B68F35CF}
	EndGlobalSection
EndGlobal
